{
	"name": "@cmmn/core",
	"version": "1.4.2",
	"lockfileVersion": 2,
	"requires": true,
	"packages": {
		"": {
			"name": "@cmmn/core",
			"version": "1.4.1",
			"license": "ISC",
			"dependencies": {
				"cellx": "^1.10.26"
			}
		},
		"node_modules/@riim/next-tick": {
			"version": "1.2.6",
			"resolved": "https://registry.npmjs.org/@riim/next-tick/-/next-tick-1.2.6.tgz",
			"integrity": "sha512-Grcu9OhD5Ohk/x2i0DwxB37Xf7ElmdBA5dGSDTNFNyiMPsMwc+XjciH+wgWd6vIq6bEtMPmaSXUm3i9q/TEyag=="
		},
		"node_modules/cellx": {
			"version": "1.10.26",
			"resolved": "https://registry.npmjs.org/cellx/-/cellx-1.10.26.tgz",
			"integrity": "sha512-3dxjarWsEcpVX2cqCccEYvAPW4+PBJyfa5sk4PoTWmxj6alsnSBO1BwRu0ClKukfoI3Hmfoi+j6WwTI90xY6QA==",
			"dependencies": {
				"@riim/next-tick": "^1.2.6"
			}
		}
	},
	"dependencies": {
		"@riim/next-tick": {
			"version": "1.2.6",
			"resolved": "https://registry.npmjs.org/@riim/next-tick/-/next-tick-1.2.6.tgz",
			"integrity": "sha512-Grcu9OhD5Ohk/x2i0DwxB37Xf7ElmdBA5dGSDTNFNyiMPsMwc+XjciH+wgWd6vIq6bEtMPmaSXUm3i9q/TEyag=="
		},
		"cellx": {
			"version": "1.10.26",
			"resolved": "https://registry.npmjs.org/cellx/-/cellx-1.10.26.tgz",
			"integrity": "sha512-3dxjarWsEcpVX2cqCccEYvAPW4+PBJyfa5sk4PoTWmxj6alsnSBO1BwRu0ClKukfoI3Hmfoi+j6WwTI90xY6QA==",
			"requires": {
				"@riim/next-tick": "^1.2.6"
			}
		}
	}
}
